
Microsoft Visual Studio Solution File, Format Version 12.00
# Visual Studio Version 16
VisualStudioVersion = 16.0.29519.87
MinimumVisualStudioVersion = 10.0.40219.1
Project("{9A19103F-16F7-4668-BE54-9A1E7A4F7556}") = "MyAPI", "MyAPI\MyAPI.csproj", "{1C10D6CA-8275-4C62-A619-E17F1C3A19B5}"
EndProject
Project("{9A19103F-16F7-4668-BE54-9A1E7A4F7556}") = "MyIntegrationTests", "Tests\MyIntegrationTests\MyIntegrationTests.csproj", "{E2790DC4-2293-44B4-BF7A-9BD8CFB1AAD3}"
EndProject
Project("{2150E333-8FDC-42A3-9474-1A3956D46DE8}") = "Tests", "Tests", "{A71B248C-B764-4DF7-840F-F845ACB7A18E}"
EndProject
Project("{2150E333-8FDC-42A3-9474-1A3956D46DE8}") = "Solution Items", "Solution Items", "{384AF105-1A08-4BA2-AEE2-8B6FDDCB76D2}"
	ProjectSection(SolutionItems) = preProject
		README.md = README.md
	EndProjectSection
EndProject
Global
	GlobalSection(SolutionConfigurationPlatforms) = preSolution
		Debug|Any CPU = Debug|Any CPU
		Release|Any CPU = Release|Any CPU
	EndGlobalSection
	GlobalSection(ProjectConfigurationPlatforms) = postSolution
		{1C10D6CA-8275-4C62-A619-E17F1C3A19B5}.Debug|Any CPU.ActiveCfg = Debug|Any CPU
		{1C10D6CA-8275-4C62-A619-E17F1C3A19B5}.Debug|Any CPU.Build.0 = Debug|Any CPU
		{1C10D6CA-8275-4C62-A619-E17F1C3A19B5}.Release|Any CPU.ActiveCfg = Release|Any CPU
		{1C10D6CA-8275-4C62-A619-E17F1C3A19B5}.Release|Any CPU.Build.0 = Release|Any CPU
		{E2790DC4-2293-44B4-BF7A-9BD8CFB1AAD3}.Debug|Any CPU.ActiveCfg = Debug|Any CPU
		{E2790DC4-2293-44B4-BF7A-9BD8CFB1AAD3}.Debug|Any CPU.Build.0 = Debug|Any CPU
		{E2790DC4-2293-44B4-BF7A-9BD8CFB1AAD3}.Release|Any CPU.ActiveCfg = Release|Any CPU
		{E2790DC4-2293-44B4-BF7A-9BD8CFB1AAD3}.Release|Any CPU.Build.0 = Release|Any CPU
	EndGlobalSection
	GlobalSection(SolutionProperties) = preSolution
		HideSolutionNode = FALSE
	EndGlobalSection
	GlobalSection(NestedProjects) = preSolution
		{E2790DC4-2293-44B4-BF7A-9BD8CFB1AAD3} = {A71B248C-B764-4DF7-840F-F845ACB7A18E}
	EndGlobalSection
	GlobalSection(ExtensibilityGlobals) = postSolution
		SolutionGuid = {8B61BBF9-BB44-4359-B39A-D7B882DED57D}
	EndGlobalSection
EndGlobal
